<Project xmlns="http://schemas.microsoft.com/developer/msbuild/2003">
    <PropertyGroup>
        <ProjectGuid>{087FD427-4558-4621-93F3-3BCA7AB95237}</ProjectGuid>
        <ProjectVersion>18.0</ProjectVersion>
        <FrameworkType>VCL</FrameworkType>
        <MainSource>GerenciadorProjetosSH.dpr</MainSource>
        <Base>True</Base>
        <Config Condition="'$(Config)'==''">Release</Config>
        <Platform Condition="'$(Platform)'==''">Win32</Platform>
        <TargetedPlatforms>1</TargetedPlatforms>
        <AppType>Application</AppType>
    </PropertyGroup>
    <PropertyGroup Condition="'$(Config)'=='Base' or '$(Base)'!=''">
        <Base>true</Base>
    </PropertyGroup>
    <PropertyGroup Condition="('$(Platform)'=='Win32' and '$(Base)'=='true') or '$(Base_Win32)'!=''">
        <Base_Win32>true</Base_Win32>
        <CfgParent>Base</CfgParent>
        <Base>true</Base>
    </PropertyGroup>
    <PropertyGroup Condition="('$(Platform)'=='Win64' and '$(Base)'=='true') or '$(Base_Win64)'!=''">
        <Base_Win64>true</Base_Win64>
        <CfgParent>Base</CfgParent>
        <Base>true</Base>
    </PropertyGroup>
    <PropertyGroup Condition="'$(Config)'=='Debug' or '$(Cfg_1)'!=''">
        <Cfg_1>true</Cfg_1>
        <CfgParent>Base</CfgParent>
        <Base>true</Base>
    </PropertyGroup>
    <PropertyGroup Condition="('$(Platform)'=='Win32' and '$(Cfg_1)'=='true') or '$(Cfg_1_Win32)'!=''">
        <Cfg_1_Win32>true</Cfg_1_Win32>
        <CfgParent>Cfg_1</CfgParent>
        <Cfg_1>true</Cfg_1>
        <Base>true</Base>
    </PropertyGroup>
    <PropertyGroup Condition="'$(Config)'=='Release' or '$(Cfg_2)'!=''">
        <Cfg_2>true</Cfg_2>
        <CfgParent>Base</CfgParent>
        <Base>true</Base>
    </PropertyGroup>
    <PropertyGroup Condition="('$(Platform)'=='Win32' and '$(Cfg_2)'=='true') or '$(Cfg_2_Win32)'!=''">
        <Cfg_2_Win32>true</Cfg_2_Win32>
        <CfgParent>Cfg_2</CfgParent>
        <Cfg_2>true</Cfg_2>
        <Base>true</Base>
    </PropertyGroup>
    <PropertyGroup Condition="'$(Base)'!=''">
        <Icon_MainIcon>$(BDS)\bin\delphi_PROJECTICON.ico</Icon_MainIcon>
        <DCC_Namespace>System;Xml;Data;Datasnap;Web;Soap;Vcl;Vcl.Imaging;Vcl.Touch;Vcl.Samples;Vcl.Shell;$(DCC_Namespace)</DCC_Namespace>
        <SanitizedProjectName>GerenciadorProjetosSH</SanitizedProjectName>
        <DCC_DcuOutput>.\$(Platform)\$(Config)</DCC_DcuOutput>
        <DCC_ExeOutput>.\$(Platform)\$(Config)</DCC_ExeOutput>
        <DCC_E>false</DCC_E>
        <DCC_N>false</DCC_N>
        <DCC_S>false</DCC_S>
        <DCC_F>false</DCC_F>
        <DCC_K>false</DCC_K>
    </PropertyGroup>
    <PropertyGroup Condition="'$(Base_Win32)'!=''">
        <VerInfo_Locale>1033</VerInfo_Locale>
        <Manifest_File>$(BDS)\bin\default_app.manifest</Manifest_File>
        <DCC_UsePackage>DBXSqliteDriver;DBXDb2Driver;dxCoreRS23;vclactnband;frxe23;vclFireDAC;dxPSLnksRS23;dxPSdxLCLnkRS23;tethering;dxPSdxOCLnkRS23;dxTabbedMDIRS23;FireDACADSDriver;dxSpreadSheetCoreRS23;dxDBXServerModeRS23;dxHttpIndyRequestRS23;dxSpreadSheetCoreConditionalFormattingDialogsRS23;cxSchedulerRS23;FireDACMSSQLDriver;dxPScxGridLnkRS23;vcltouch;vcldb;Intraweb;svn;dxWizardControlRS23;dxPScxCommonRS23;dxBarRS23;cxSchedulerRibbonStyleEventEditorRS23;crcontrols230;dxPSTeeChartRS23;cxLibraryRS23;vclib;cxPivotGridChartRS23;dxPSdxDBOCLnkRS23;dxGDIPlusRS23;FireDACDBXDriver;vclx;dxFireDACEMFRS23;dxdborRS23;RESTBackendComponents;dxPSPrVwRibbonRS23;VCLRESTComponents;vclie;bindengine;CloudService;FireDACMySQLDriver;DataSnapClient;dxPScxPCProdRS23;bindcompdbx;DBXSybaseASEDriver;IndyIPServer;IndySystem;dsnapcon;cxTreeListdxBarPopupMenuRS23;odac230;FireDACMSAccDriver;fmxFireDAC;FireDACInfxDriver;vclimg;dxRichEditDocumentModelRS23;dxRichEditCoreRS23;dxSpreadSheetConditionalFormattingDialogsRS23;dxBarDBNavRS23;dxFlowChartRS23;DBXOdbcDriver;FireDACTDataDriver;FMXTee;soaprtl;DbxCommonDriver;dxSpreadSheetRS23;dxPSdxSpreadSheetLnkRS23;xmlrtl;soapmidas;DataSnapNativeClient;fmxobj;rtl;DbxClientDriver;DBXSybaseASADriver;dxNavBarRS23;dxRichEditControlCoreRS23;dxRichEditControlRS23;appanalytics;cxPivotGridRS23;dxPScxVGridLnkRS23;IndyIPClient;dxRibbonRS23;bindcompvcl;frxDB23;dxPScxTLLnkRS23;dxEMFRS23;dxMapControlRS23;TeeUI;VclSmp;dxPScxSchedulerLnkRS23;cxTreeListRS23;FireDACODBCDriver;DataSnapIndy10ServerTransport;dxRibbonCustomizationFormRS23;dxPSRichEditControlLnkRS23;dxBarExtDBItemsRS23;dxOrgChartAdvancedCustomizeFormRS23;DataSnapProviderClient;FireDACMongoDBDriver;dxSpreadSheetReportDesignerRS23;frx23;dxSpellCheckerRS23;DataSnapServerMidas;RESTComponents;DBXInterBaseDriver;dxADOServerModeRS23;emsclientfiredac;DataSnapFireDAC;svnui;dxmdsRS23;dxPSDBTeeChartRS23;dxdbtrRS23;dxPSCoreRS23;DBXMSSQLDriver;DatasnapConnectorsFreePascal;bindcompfmx;DBXOracleDriver;inetdb;dac230;dxPSdxMapControlLnkRS23;FmxTeeUI;dxBarExtItemsRS23;cxSchedulerWebServiceStorageRS23;FireDACIBDriver;fmx;fmxdae;dxServerModeRS23;dxPsPrVwAdvRS23;cxSchedulerGridRS23;dbexpress;IndyCore;dsnap;DataSnapCommon;emsclient;FireDACCommon;dxGanttControlRS23;DataSnapConnectors;cxVerticalGridRS23;QR506RunDXE10;odacvcl230;soapserver;frxTee23;dxTileControlRS23;cxGridRS23;FireDACOracleDriver;DBXMySQLDriver;odacfmx230;DBXFirebirdDriver;FireDACCommonDriver;inet;IndyIPCommon;dxDockingRS23;vcl;dxPScxExtCommonRS23;dxSkinsCoreRS23;FireDACDb2Driver;dacfmx230;dxPSdxFCLnkRS23;dxtrmdRS23;TeeDB;FireDAC;cxSchedulerTreeBrowserRS23;dacvcl230;dxFireDACServerModeRS23;FireDACSqliteDriver;FireDACPgDriver;ibmonitor;FireDACASADriver;oraprov230;dxADOEMFRS23;dxGaugeControlRS23;ibxpress;Tee;cxPivotGridOLAPRS23;DataSnapServer;ibxbindings;dxPSdxPDFViewerLnkRS23;vclwinx;FireDACDSDriver;CustomIPTransport;vcldsnap;bindcomp;DBXInformixDriver;dxPSdxGaugeControlLnkRS23;dxCloudServiceLibraryRS23;dxPScxPivotGridLnkRS23;dxorgcRS23;dxPSdxDBTVLnkRS23;vclribbon;dbxcds;dxFlowChartLayoutsRS23;dxPDFViewerRS23;adortl;dxComnRS23;dsnapxml;dbrtl;inetdbxpress;IndyProtocols;cxExportRS23;dxFlowChartAdvancedCustomizeFormRS23;cxGridEMFRS23;dxFlowChartDesignerRS23;fmxase;$(DCC_UsePackage)</DCC_UsePackage>
        <VerInfo_IncludeVerInfo>true</VerInfo_IncludeVerInfo>
        <DCC_Namespace>Winapi;System.Win;Data.Win;Datasnap.Win;Web.Win;Soap.Win;Xml.Win;Bde;$(DCC_Namespace)</DCC_Namespace>
        <VerInfo_Keys>CompanyName=;FileDescription=;FileVersion=1.0.0.0;InternalName=;LegalCopyright=;LegalTrademarks=;OriginalFilename=;ProductName=;ProductVersion=1.0.0.0;Comments=</VerInfo_Keys>
    </PropertyGroup>
    <PropertyGroup Condition="'$(Base_Win64)'!=''">
        <DCC_UsePackage>DBXSqliteDriver;DBXDb2Driver;dxCoreRS23;vclactnband;vclFireDAC;dxPSLnksRS23;dxPSdxLCLnkRS23;tethering;dxPSdxOCLnkRS23;dxTabbedMDIRS23;FireDACADSDriver;dxSpreadSheetCoreRS23;dxDBXServerModeRS23;dxHttpIndyRequestRS23;dxSpreadSheetCoreConditionalFormattingDialogsRS23;cxSchedulerRS23;FireDACMSSQLDriver;dxPScxGridLnkRS23;vcltouch;vcldb;Intraweb;dxWizardControlRS23;dxPScxCommonRS23;dxBarRS23;cxSchedulerRibbonStyleEventEditorRS23;dxPSTeeChartRS23;cxLibraryRS23;vclib;cxPivotGridChartRS23;dxPSdxDBOCLnkRS23;dxGDIPlusRS23;FireDACDBXDriver;vclx;dxFireDACEMFRS23;dxdborRS23;RESTBackendComponents;dxPSPrVwRibbonRS23;VCLRESTComponents;vclie;bindengine;CloudService;FireDACMySQLDriver;DataSnapClient;dxPScxPCProdRS23;bindcompdbx;DBXSybaseASEDriver;IndyIPServer;IndySystem;dsnapcon;cxTreeListdxBarPopupMenuRS23;FireDACMSAccDriver;fmxFireDAC;FireDACInfxDriver;vclimg;dxRichEditDocumentModelRS23;dxRichEditCoreRS23;dxSpreadSheetConditionalFormattingDialogsRS23;dxBarDBNavRS23;dxFlowChartRS23;DBXOdbcDriver;FireDACTDataDriver;FMXTee;soaprtl;DbxCommonDriver;dxSpreadSheetRS23;dxPSdxSpreadSheetLnkRS23;xmlrtl;soapmidas;DataSnapNativeClient;fmxobj;rtl;DbxClientDriver;DBXSybaseASADriver;dxNavBarRS23;dxRichEditControlCoreRS23;dxRichEditControlRS23;appanalytics;cxPivotGridRS23;dxPScxVGridLnkRS23;IndyIPClient;dxRibbonRS23;bindcompvcl;dxPScxTLLnkRS23;dxEMFRS23;dxMapControlRS23;TeeUI;VclSmp;dxPScxSchedulerLnkRS23;cxTreeListRS23;FireDACODBCDriver;DataSnapIndy10ServerTransport;dxRibbonCustomizationFormRS23;dxPSRichEditControlLnkRS23;dxBarExtDBItemsRS23;dxOrgChartAdvancedCustomizeFormRS23;DataSnapProviderClient;FireDACMongoDBDriver;dxSpreadSheetReportDesignerRS23;dxSpellCheckerRS23;DataSnapServerMidas;RESTComponents;DBXInterBaseDriver;dxADOServerModeRS23;emsclientfiredac;DataSnapFireDAC;dxmdsRS23;dxPSDBTeeChartRS23;dxdbtrRS23;dxPSCoreRS23;DBXMSSQLDriver;DatasnapConnectorsFreePascal;bindcompfmx;DBXOracleDriver;inetdb;dxPSdxMapControlLnkRS23;FmxTeeUI;dxBarExtItemsRS23;cxSchedulerWebServiceStorageRS23;FireDACIBDriver;fmx;fmxdae;dxServerModeRS23;dxPsPrVwAdvRS23;cxSchedulerGridRS23;dbexpress;IndyCore;dsnap;DataSnapCommon;emsclient;FireDACCommon;dxGanttControlRS23;DataSnapConnectors;cxVerticalGridRS23;QR506RunDXE10;soapserver;dxTileControlRS23;cxGridRS23;FireDACOracleDriver;DBXMySQLDriver;DBXFirebirdDriver;FireDACCommonDriver;inet;IndyIPCommon;dxDockingRS23;vcl;dxPScxExtCommonRS23;dxSkinsCoreRS23;FireDACDb2Driver;dxPSdxFCLnkRS23;dxtrmdRS23;TeeDB;FireDAC;cxSchedulerTreeBrowserRS23;dxFireDACServerModeRS23;FireDACSqliteDriver;FireDACPgDriver;ibmonitor;FireDACASADriver;dxADOEMFRS23;dxGaugeControlRS23;ibxpress;Tee;cxPivotGridOLAPRS23;DataSnapServer;ibxbindings;dxPSdxPDFViewerLnkRS23;vclwinx;FireDACDSDriver;CustomIPTransport;vcldsnap;bindcomp;DBXInformixDriver;dxPSdxGaugeControlLnkRS23;dxCloudServiceLibraryRS23;dxPScxPivotGridLnkRS23;dxorgcRS23;dxPSdxDBTVLnkRS23;vclribbon;dbxcds;dxFlowChartLayoutsRS23;dxPDFViewerRS23;adortl;dxComnRS23;dsnapxml;dbrtl;inetdbxpress;IndyProtocols;cxExportRS23;dxFlowChartAdvancedCustomizeFormRS23;cxGridEMFRS23;dxFlowChartDesignerRS23;fmxase;$(DCC_UsePackage)</DCC_UsePackage>
    </PropertyGroup>
    <PropertyGroup Condition="'$(Cfg_1)'!=''">
        <DCC_Define>DEBUG;$(DCC_Define)</DCC_Define>
        <DCC_DebugDCUs>true</DCC_DebugDCUs>
        <DCC_Optimize>false</DCC_Optimize>
        <DCC_GenerateStackFrames>true</DCC_GenerateStackFrames>
        <DCC_DebugInfoInExe>true</DCC_DebugInfoInExe>
        <DCC_RemoteDebug>true</DCC_RemoteDebug>
    </PropertyGroup>
    <PropertyGroup Condition="'$(Cfg_1_Win32)'!=''">
        <Debugger_RunParams>DEBUG</Debugger_RunParams>
        <AppEnableRuntimeThemes>true</AppEnableRuntimeThemes>
        <AppEnableHighDPI>true</AppEnableHighDPI>
        <DCC_RemoteDebug>false</DCC_RemoteDebug>
    </PropertyGroup>
    <PropertyGroup Condition="'$(Cfg_2)'!=''">
        <DCC_LocalDebugSymbols>false</DCC_LocalDebugSymbols>
        <DCC_Define>RELEASE;$(DCC_Define)</DCC_Define>
        <DCC_SymbolReferenceInfo>0</DCC_SymbolReferenceInfo>
        <DCC_DebugInformation>0</DCC_DebugInformation>
    </PropertyGroup>
    <PropertyGroup Condition="'$(Cfg_2_Win32)'!=''">
        <Icon_MainIcon>GerenciadorProjetosSH_Icon.ico</Icon_MainIcon>
        <VerInfo_Build>4</VerInfo_Build>
        <VerInfo_AutoIncVersion>true</VerInfo_AutoIncVersion>
        <VerInfo_IncludeVerInfo>true</VerInfo_IncludeVerInfo>
        <VerInfo_Keys>CompanyName=;FileDescription=;FileVersion=1.0.0.4;InternalName=;LegalCopyright=;LegalTrademarks=;OriginalFilename=;ProductName=;ProductVersion=1.0.0.0;Comments=</VerInfo_Keys>
        <VerInfo_Locale>1033</VerInfo_Locale>
        <AppEnableRuntimeThemes>true</AppEnableRuntimeThemes>
        <AppEnableHighDPI>true</AppEnableHighDPI>
    </PropertyGroup>
    <ItemGroup>
        <DelphiCompile Include="$(MainSource)">
            <MainSource>MainSource</MainSource>
        </DelphiCompile>
        <DCCReference Include="GerenciadorProjetos.pas">
            <Form>FRMPrincipal</Form>
            <FormType>dfm</FormType>
        </DCCReference>
        <DCCReference Include="UAnotacoes.pas">
            <Form>FRMAnotacoes</Form>
            <FormType>dfm</FormType>
        </DCCReference>
        <DCCReference Include="UTarefas.pas">
            <Form>FRMTarefas</Form>
            <FormType>dfm</FormType>
        </DCCReference>
        <DCCReference Include="UUtils.pas"/>
        <RcItem Include="GerenciadorProjetosSH_Icon.ico">
            <ResourceType>ICON</ResourceType>
            <ResourceId>Icon_1</ResourceId>
        </RcItem>
        <BuildConfiguration Include="Release">
            <Key>Cfg_2</Key>
            <CfgParent>Base</CfgParent>
        </BuildConfiguration>
        <BuildConfiguration Include="Base">
            <Key>Base</Key>
        </BuildConfiguration>
        <BuildConfiguration Include="Debug">
            <Key>Cfg_1</Key>
            <CfgParent>Base</CfgParent>
        </BuildConfiguration>
    </ItemGroup>
    <ProjectExtensions>
        <Borland.Personality>Delphi.Personality.12</Borland.Personality>
        <Borland.ProjectType>Application</Borland.ProjectType>
        <BorlandProject>
            <Delphi.Personality>
                <Source>
                    <Source Name="MainSource">GerenciadorProjetosSH.dpr</Source>
                </Source>
                <Excluded_Packages>
                    <Excluded_Packages Name="Z:\Delphi\Componentes\Trunk2\Lib\Delphi\LibD23\Win32\DCLACBr_OpenSSL.bpl">ACBr - (design-time) Bind para OpenSSL 1.1.1 - (http://www.projetoacbr.com.br/)</Excluded_Packages>
                    <Excluded_Packages Name="Z:\Delphi\Componentes\Trunk2\Lib\Delphi\LibD23\Win32\DCLACBr_Serial.bpl">ACBr - (design-time) ECF, Balanças, Cheques, Displays, Etiquetas, Gavetas, Terminais, SMS, RFD, Leitores - (http://www.projetoacbr.com.br/)</Excluded_Packages>
                    <Excluded_Packages Name="Z:\Delphi\Componentes\Trunk2\Lib\Delphi\LibD23\Win32\DCLACBr_Comum.bpl">ACBr - (design-time) Biblioteca Comum, EAD, AAC  - (http://www.projetoacbr.com.br/)</Excluded_Packages>
                    <Excluded_Packages Name="Z:\Delphi\Componentes\Trunk2\Lib\Delphi\LibD23\Win32\DCLACBr_Convenio115.bpl">ACBr - (design-time) Convênio ICMS 115 - (http://www.projetoacbr.com.br/)</Excluded_Packages>
                    <Excluded_Packages Name="Z:\Delphi\Componentes\Trunk2\Lib\Delphi\LibD23\Win32\DCLACBr_LFD.bpl">ACBr - (design-time) Livro Fiscal Digital - (http://www.projetoacbr.com.br/)</Excluded_Packages>
                    <Excluded_Packages Name="Z:\Delphi\Componentes\Trunk2\Lib\Delphi\LibD23\Win32\DCLACBr_EDI.bpl">ACBr - (design-time) Intercâmbio de Arquivos para Transportadora - (http://www.projetoacbr.com.br/)</Excluded_Packages>
                    <Excluded_Packages Name="Z:\Delphi\Componentes\Trunk2\Lib\Delphi\LibD23\Win32\DCLACBr_PAF.bpl">ACBr - (design-time) Programa Aplicativo Fiscal ECF - (http://www.projetoacbr.com.br/)</Excluded_Packages>
                    <Excluded_Packages Name="Z:\Delphi\Componentes\Trunk2\Lib\Delphi\LibD23\Win32\DCLACBr_SEF2.bpl">ACBr - (design-time) SEF2 (eDoc e SEF) - (http://www.projetoacbr.com.br/)</Excluded_Packages>
                    <Excluded_Packages Name="Z:\Delphi\Componentes\Trunk2\Lib\Delphi\LibD23\Win32\DCLACBr_Sintegra.bpl">ACBr - (design-time) Sintegra - (http://www.projectoacbr.com.br/)</Excluded_Packages>
                    <Excluded_Packages Name="Z:\Delphi\Componentes\Trunk2\Lib\Delphi\LibD23\Win32\DCLACBr_SPED.bpl">ACBr - (design-time) EFD ICMS/IPI, EFD Contribuições, EFD Contábil - (http://www.projetoacbr.com.br/)</Excluded_Packages>
                    <Excluded_Packages Name="Z:\Delphi\Componentes\Trunk2\Lib\Delphi\LibD23\Win32\DCLACBr_SPEDImportar.bpl">ACBr - (design-time) EFD ICMS/IPI, EFD Contribuições, EFD Contábil - Importação - (http://www.projetoacbr.com.br/)</Excluded_Packages>
                    <Excluded_Packages Name="Z:\Delphi\Componentes\Trunk2\Lib\Delphi\LibD23\Win32\DCLACBr_DeSTDA.bpl">ACBr - (design-time) DeSTDA - (http://www.projetoacbr.com.br/)</Excluded_Packages>
                    <Excluded_Packages Name="Z:\Delphi\Componentes\Trunk2\Lib\Delphi\LibD23\Win32\DCLACBr_ANe.bpl">ACBr - (design-time) Averbação Eletrônica Nacional - (http://www.projetoacbr.com.br/)</Excluded_Packages>
                    <Excluded_Packages Name="Z:\Delphi\Componentes\Trunk2\Lib\Delphi\LibD23\Win32\DCLACBr_DFeComum.bpl">(untitled)</Excluded_Packages>
                    <Excluded_Packages Name="Z:\Delphi\Componentes\Trunk2\Lib\Delphi\LibD23\Win32\DCLACBr_CIOT.bpl">ACBr - (design-time) CIOT - (http://www.projetoacbr.com.br/)</Excluded_Packages>
                    <Excluded_Packages Name="Z:\Delphi\Componentes\Trunk2\Lib\Delphi\LibD23\Win32\DCLACBr_ONE.bpl">ACBr - (design-time) Operador Nacional dos Estados - (http://www.projetoacbr.com.br/)</Excluded_Packages>
                    <Excluded_Packages Name="Z:\Delphi\Componentes\Trunk2\Lib\Delphi\LibD23\Win32\DCLACBr_NF3e.bpl">ACBr - (design-time) Nota Fiscal de Energia Eletrica Eletrônica - (http://www.projetoacbr.com.br/)</Excluded_Packages>
                    <Excluded_Packages Name="Z:\Delphi\Componentes\Trunk2\Lib\Delphi\LibD23\Win32\DCLACBr_NF3eDANF3eESCPOS.bpl">ACBr - (design-time) DANF3e para NF3e Impressora Serial - (http://www.projetoacbr.com.br/)</Excluded_Packages>
                    <Excluded_Packages Name="Z:\Delphi\Componentes\Trunk2\Lib\Delphi\LibD23\Win32\DCLACBr_TEFD.bpl">ACBr - (design-time) Transferência Eletrônica de Fundos - (http://www.projetoacbr.com.br/)</Excluded_Packages>
                    <Excluded_Packages Name="Z:\Delphi\Componentes\Trunk2\Lib\Delphi\LibD23\Win32\DCLACBr_NFeDanfeFR.bpl">ACBr - (design-time) DANFe em Fast Report - (http://www.projetoacbr.com.br/)</Excluded_Packages>
                    <Excluded_Packages Name="Z:\Delphi\Componentes\Trunk2\Lib\Delphi\LibD23\Win32\DCLACBr_CTeDacteFR.bpl">ACBr - (design-time) DACTe em Fast Report - (http://www.projetoacbr.com.br/)</Excluded_Packages>
                    <Excluded_Packages Name="Z:\Delphi\Componentes\Trunk2\Lib\Delphi\LibD23\Win32\DCLACBr_NFSeDanfseFR.bpl">ACBr - (design-time) DANFSe em Fast Report - (http://www.projetoacbr.com.br/)</Excluded_Packages>
                    <Excluded_Packages Name="Z:\Delphi\Componentes\Trunk2\Lib\Delphi\LibD23\Win32\DCLACBr_BoletoFR.bpl">ACBr - (design-time) Boleto Impressão em  Fast Report - (http://www.projetoacbr.com.br/)</Excluded_Packages>
                    <Excluded_Packages Name="Z:\Delphi\Componentes\Trunk2\Lib\Delphi\LibD23\Win32\DCLACBr_MDFeDamdfeFR.bpl">ACBr - (design-time) DAMDFe em Fast Report - (http://www.projetoacbr.com.br/)</Excluded_Packages>
                    <Excluded_Packages Name="Z:\Delphi\Componentes\Trunk2\Lib\Delphi\LibD23\Win32\DCLACBr_GNREGuiaFR.bpl">ACBr - (design-time) GNRE Impressão da Guia em Fast Report - (http://www.projetoacbr.com.br/)</Excluded_Packages>
                    <Excluded_Packages Name="Z:\Delphi\Componentes\Trunk2\Lib\Delphi\LibD23\Win32\DCLACBr_NFeDanfeRL.bpl">ACBr - (design-time) DANFe em Fortes Report - (http://www.projetoacbr.com.br/)</Excluded_Packages>
                    <Excluded_Packages Name="Z:\Delphi\Componentes\Trunk2\Lib\Delphi\LibD23\Win32\DCLACBr_NFSeDanfseRL.bpl">ACBr - (design-time) DANFSe em Fortes Report - (http://www.projetoacbr.com.br/)</Excluded_Packages>
                    <Excluded_Packages Name="Z:\Delphi\Componentes\Trunk2\Lib\Delphi\LibD23\Win32\DCLACBr_NFSeXDanfseRL.bpl">ACBr - (design-time) DANFSe X em Fortes Report - (http://www.projetoacbr.com.br/)</Excluded_Packages>
                    <Excluded_Packages Name="Z:\Delphi\Componentes\Trunk2\Lib\Delphi\LibD23\Win32\DCLACBr_CTeDacteRL.bpl">ACBr - (design-time) DACTe em Fortes Report - (http://www.projetoacbr.com.br/)</Excluded_Packages>
                    <Excluded_Packages Name="Z:\Delphi\Componentes\Trunk2\Lib\Delphi\LibD23\Win32\DCLACBr_BoletoRL.bpl">ACBr - (design-time) Boleto Impressão em Fortes Report - (http://www.projectoacbr.com.br/)</Excluded_Packages>
                    <Excluded_Packages Name="Z:\Delphi\Componentes\Trunk2\Lib\Delphi\LibD23\Win32\DCLACBr_MDFeDamdfeRL.bpl">ACBr - (design-time) DAMDFe em Fortes Report - (http://www.projetoacbr.com.br/)</Excluded_Packages>
                    <Excluded_Packages Name="Z:\Delphi\Componentes\Trunk2\Lib\Delphi\LibD23\Win32\DCLACBr_SATExtratoRL.bpl">ACBr - (design-time) Extrato Cupom Fiscal Eletrônico SAT para Fortes Report - (http://www.projectoacbr.com.br/)</Excluded_Packages>
                    <Excluded_Packages Name="Z:\Delphi\Componentes\Trunk2\Lib\Delphi\LibD23\Win32\DCLACBr_GNREGuiaRL.bpl">ACBr - (design-time) GNRE Impressão em Fortes Report - (http://www.projectoacbr.com.br/)</Excluded_Packages>
                    <Excluded_Packages Name="Z:\Delphi\Componentes\Trunk2\Lib\Delphi\LibD23\Win32\DCLACBr_ADRCST.bpl">ACBr - (design-time) ADRCST e CD - (http://www.projetoacbr.com.br/)</Excluded_Packages>
                    <Excluded_Packages Name="Z:\Delphi\Componentes\Trunk2\Lib\Delphi\LibD23\Win32\DCLACBr_SATExtratoFR.bpl">ACBr - (design-time) Extrato Cupom Fiscal Eletrônico SAT para Fast Report - (http://www.projetoacbr.com.br/)</Excluded_Packages>
                    <Excluded_Packages Name="Z:\Delphi\Componentes\Trunk2\Lib\Delphi\LibD23\Win32\DCLACBr_NFSeXDanfseFR.bpl">ACBr - (design-time) DANFSeX em Fast Report - (http://www.projetoacbr.com.br/)</Excluded_Packages>
                    <Excluded_Packages Name="Z:\Delphi\Componentes\Trunk2\Lib\Delphi\LibD23\Win32\DCLACBr_Ponto.bpl">ACBr - (design-time) Ponto Eletrônico - (http://www.projetoacbr.com.br/)</Excluded_Packages>
                    <Excluded_Packages Name="Z:\Delphi\Componentes\Trunk2\Lib\Delphi\LibD23\Win32\DCLACBr_LCDPR.bpl">ACBr - (design-time) Livro Caixa Digital do Produtor Rural (LCDPR) - (http://www.projetoacbr.com.br/)</Excluded_Packages>
                    <Excluded_Packages Name="Z:\Delphi\Componentes\Trunk2\Lib\Delphi\LibD23\Win32\DCLACBr_TCP.bpl">ACBr - (design-time) Socket, CEP, TCP, IBGE, CNIEE, Suframa, Download, FTP, HTTP, NFPws, IBPTax, CNPJ, CPF, Cotação, E-mail, Feriado - (http://www.projectoacbr.com.br/)</Excluded_Packages>
                    <Excluded_Packages Name="Z:\Delphi\Componentes\Trunk2\Lib\Delphi\LibD23\Win32\DCLACBr_MTER.bpl">ACBr - (design-time) MTER Componente Servidor de Micro Terminais TCP/IP - (http://www.projectoacbr.com.br/)</Excluded_Packages>
                    <Excluded_Packages Name="Z:\Delphi\Componentes\Trunk2\Lib\Delphi\LibD23\Win32\DCLACBr_Boleto.bpl">ACBr - (design-time) Boleto - (http://www.projetoacbr.com.br/)</Excluded_Packages>
                    <Excluded_Packages Name="C:\Users\Public\Documents\Embarcadero\Studio\17.0\Bpl\frce.bpl">Fortes Report Comunity Edition</Excluded_Packages>
                    <Excluded_Packages Name="Z:\Delphi\Componentes\Trunk2\Lib\Delphi\LibD23\Win32\DCLACBr_PagFor.bpl">ACBr - (design-time) Pagamento a Fornecedor - (http://www.projetoacbr.com.br/)</Excluded_Packages>
                    <Excluded_Packages Name="Z:\Delphi\Componentes\Trunk2\Lib\Delphi\LibD23\Win32\DCLACBr_NFe.bpl">ACBr - (design-time) Nota Fiscal Eletrônica - (http://www.projetoacbr.com.br/)</Excluded_Packages>
                    <Excluded_Packages Name="Z:\Delphi\Componentes\Trunk2\Lib\Delphi\LibD23\Win32\DCLACBr_NFCeECFVirtual.bpl">ACBr - (design-time) Implementação ECF Virtual NFCe. Permite usar ACBrECF para emitir NFCe como se fosse um ECF - (http://www.projectoacbr.com.br/)</Excluded_Packages>
                    <Excluded_Packages Name="Z:\Delphi\Componentes\Trunk2\Lib\Delphi\LibD23\Win32\DCLACBr_NFeDanfeESCPOS.bpl">ACBr - (design-time) DANFe para NFC-e Impressora Serial - (http://www.projetoacbr.com.br/)</Excluded_Packages>
                    <Excluded_Packages Name="Z:\Delphi\Componentes\Trunk2\Lib\Delphi\LibD23\Win32\DCLACBr_CTe.bpl">ACBr - (design-time) Conhecimento de Transporte Eletrônico - (http://www.projetoacbr.com.br/)</Excluded_Packages>
                    <Excluded_Packages Name="Z:\Delphi\Componentes\Trunk2\Lib\Delphi\LibD23\Win32\DCLACBr_NFSe.bpl">ACBr - (design-time) Nota Fiscal de Serviço Eletrônica - (http://www.projetoacbr.com.br/)</Excluded_Packages>
                    <Excluded_Packages Name="Z:\Delphi\Componentes\Trunk2\Lib\Delphi\LibD23\Win32\DCLACBr_NFSeX.bpl">ACBr - (design-time) Nota Fiscal de Serviço Eletrônica X - (http://www.projetoacbr.com.br/)</Excluded_Packages>
                    <Excluded_Packages Name="Z:\Delphi\Componentes\Trunk2\Lib\Delphi\LibD23\Win32\DCLACBr_MDFe.bpl">ACBr - (design-time) Manifesto de Documentos Fiscais Eletrônico - (http://www.projetoacbr.com.br/)</Excluded_Packages>
                    <Excluded_Packages Name="Z:\Delphi\Componentes\Trunk2\Lib\Delphi\LibD23\Win32\DCLACBr_GNRE.bpl">ACBr - (design-time) Guia Nacional de Recolhimento de Tributos Estaduais - (http://www.projetoacbr.com.br/)</Excluded_Packages>
                    <Excluded_Packages Name="Z:\Delphi\Componentes\Trunk2\Lib\Delphi\LibD23\Win32\DCLACBre_Social.bpl">ACBr - (design-time) eSocial - (http://www.projetoacbr.com.br/)</Excluded_Packages>
                    <Excluded_Packages Name="Z:\Delphi\Componentes\Trunk2\Lib\Delphi\LibD23\Win32\DCLACBr_Reinf.bpl">ACBr - (design-time) Reinf - (http://www.projetoacbr.com.br/)</Excluded_Packages>
                    <Excluded_Packages Name="Z:\Delphi\Componentes\Trunk2\Lib\Delphi\LibD23\Win32\DCLACBr_SAT.bpl">ACBr - (design-time) Cupom Fiscal Eletrônico SAT - (http://www.projetoacbr.com.br/)</Excluded_Packages>
                    <Excluded_Packages Name="Z:\Delphi\Componentes\Trunk2\Lib\Delphi\LibD23\Win32\DCLACBr_SATECFVirtual.bpl">ACBr - (design-time) Implementação de ECF Virtual para o SAT. Permite usar ACBrECF para comandar o SAT como se fosse um ECF - (http://www.projetoacbr.com.br/)</Excluded_Packages>
                    <Excluded_Packages Name="Z:\Delphi\Componentes\Trunk2\Lib\Delphi\LibD23\Win32\DCLACBr_SATExtratoESCPOS.bpl">ACBr - (design-time) Extrato Cupom Fiscal Eletrônico SAT para Serial - (http://www.projectoacbr.com.br/)</Excluded_Packages>
                    <Excluded_Packages Name="Z:\Delphi\Componentes\Trunk2\Lib\Delphi\LibD23\Win32\DCLACBr_SATWS.bpl">ACBr - (design-time) SATWS - Consulta de lotes enviados de CF-e-SAT - (http://www.projetoacbr.com.br/)</Excluded_Packages>
                    <Excluded_Packages Name="Z:\Delphi\Componentes\Trunk2\Lib\Delphi\LibD23\Win32\DCLACBr_BlocoX.bpl">ACBr - (design-time) Bloco X - (http://www.projetoacbr.com.br/)</Excluded_Packages>
                    <Excluded_Packages Name="Z:\Delphi\Componentes\Trunk2\Lib\Delphi\LibD23\Win32\DCLACBr_BPe.bpl">ACBr - (design-time) Bilhete de Passagem Eletrônica - (http://www.projetoacbr.com.br/)</Excluded_Packages>
                    <Excluded_Packages Name="Z:\Delphi\Componentes\Trunk2\Lib\Delphi\LibD23\Win32\DCLACBr_BPeDabpeESCPOS.bpl">ACBr - (design-time) DABPe para BP-e Impressora Serial - (http://www.projetoacbr.com.br/)</Excluded_Packages>
                    <Excluded_Packages Name="Z:\Delphi\Componentes\Trunk2\Lib\Delphi\LibD23\Win32\DCLACBr_Diversos.bpl">ACBr - (design-time) Calculadora, Extenso, Validador, Troco, CMC7, Fala, BarCode, EnterTab, GIF, QrCode, InStore, CargaBal - (http://www.projetoacbr.com.br/)</Excluded_Packages>
                    <Excluded_Packages Name="Z:\Delphi\Componentes\Trunk2\Lib\Delphi\LibD23\Win32\DCLACBr_Integrador.bpl">ACBr - (design-time) Integrador - (http://www.projetoacbr.com.br/)</Excluded_Packages>
                    <Excluded_Packages Name="$(BDSBIN)\dcloffice2k230.bpl">Microsoft Office 2000 Sample Automation Server Wrapper Components</Excluded_Packages>
                    <Excluded_Packages Name="$(BDSBIN)\dclofficexp230.bpl">Microsoft Office XP Sample Automation Server Wrapper Components</Excluded_Packages>
                </Excluded_Packages>
            </Delphi.Personality>
            <Deployment Version="2">
                <DeployFile LocalName="GerenciadorProjetosSH_Icon.ico" Configuration="Release" Class="ProjectFile">
                    <Platform Name="Win32">
                        <RemoteDir>.\</RemoteDir>
                        <Overwrite>true</Overwrite>
                    </Platform>
                </DeployFile>
                <DeployFile LocalName="GerenciadorProjetosSH_Icon.ico" Configuration="Debug" Class="ProjectFile">
                    <Platform Name="Win32">
                        <RemoteDir>.\</RemoteDir>
                        <Overwrite>true</Overwrite>
                    </Platform>
                </DeployFile>
                <DeployFile LocalName="Win32\Release\GerenciadorProjetosSH.exe" Configuration="Release" Class="ProjectOutput">
                    <Platform Name="Win32">
                        <RemoteName>GerenciadorProjetosSH.exe</RemoteName>
                        <Overwrite>true</Overwrite>
                    </Platform>
                </DeployFile>
                <DeployFile LocalName="Win32\Debug\GerenciadorProjetosSH.exe" Configuration="Debug" Class="ProjectOutput">
                    <Platform Name="Win32">
                        <RemoteName>GerenciadorProjetosSH.exe</RemoteName>
                        <Overwrite>true</Overwrite>
                    </Platform>
                </DeployFile>
                <DeployClass Name="DependencyModule">
                    <Platform Name="Win32">
                        <Operation>0</Operation>
                        <Extensions>.dll;.bpl</Extensions>
                    </Platform>
                    <Platform Name="iOSDevice64">
                        <Operation>1</Operation>
                        <Extensions>.dylib</Extensions>
                    </Platform>
                    <Platform Name="OSX32">
                        <RemoteDir>Contents\MacOS</RemoteDir>
                        <Operation>1</Operation>
                        <Extensions>.dylib</Extensions>
                    </Platform>
                    <Platform Name="iOSDevice32">
                        <Operation>1</Operation>
                        <Extensions>.dylib</Extensions>
                    </Platform>
                    <Platform Name="iOSSimulator">
                        <Operation>1</Operation>
                        <Extensions>.dylib</Extensions>
                    </Platform>
                </DeployClass>
                <DeployClass Name="ProjectOSXResource">
                    <Platform Name="OSX32">
                        <RemoteDir>Contents\Resources</RemoteDir>
                        <Operation>1</Operation>
                    </Platform>
                </DeployClass>
                <DeployClass Name="AndroidClassesDexFile">
                    <Platform Name="Android">
                        <RemoteDir>classes</RemoteDir>
                        <Operation>1</Operation>
                    </Platform>
                </DeployClass>
                <DeployClass Name="AdditionalDebugSymbols">
                    <Platform Name="Win32">
                        <RemoteDir>Contents\MacOS</RemoteDir>
                        <Operation>0</Operation>
                    </Platform>
                    <Platform Name="iOSSimulator">
                        <Operation>1</Operation>
                    </Platform>
                    <Platform Name="OSX32">
                        <RemoteDir>Contents\MacOS</RemoteDir>
                        <Operation>1</Operation>
                    </Platform>
                </DeployClass>
                <DeployClass Name="iPad_Launch768">
                    <Platform Name="iOSSimulator">
                        <Operation>1</Operation>
                    </Platform>
                    <Platform Name="iOSDevice64">
                        <Operation>1</Operation>
                    </Platform>
                    <Platform Name="iOSDevice32">
                        <Operation>1</Operation>
                    </Platform>
                </DeployClass>
                <DeployClass Name="Android_LauncherIcon144">
                    <Platform Name="Android">
                        <RemoteDir>res\drawable-xxhdpi</RemoteDir>
                        <Operation>1</Operation>
                    </Platform>
                </DeployClass>
                <DeployClass Name="AndroidLibnativeMipsFile">
                    <Platform Name="Android">
                        <RemoteDir>library\lib\mips</RemoteDir>
                        <Operation>1</Operation>
                    </Platform>
                </DeployClass>
                <DeployClass Required="true" Name="ProjectOutput">
                    <Platform Name="Win32">
                        <Operation>0</Operation>
                    </Platform>
                    <Platform Name="iOSDevice64">
                        <Operation>1</Operation>
                    </Platform>
                    <Platform Name="OSX32">
                        <RemoteDir>Contents\MacOS</RemoteDir>
                        <Operation>1</Operation>
                    </Platform>
                    <Platform Name="iOSDevice32">
                        <Operation>1</Operation>
                    </Platform>
                    <Platform Name="Android">
                        <RemoteDir>library\lib\armeabi-v7a</RemoteDir>
                        <Operation>1</Operation>
                    </Platform>
                    <Platform Name="iOSSimulator">
                        <Operation>1</Operation>
                    </Platform>
                </DeployClass>
                <DeployClass Name="DependencyFramework">
                    <Platform Name="Win32">
                        <Operation>0</Operation>
                    </Platform>
                    <Platform Name="OSX32">
                        <RemoteDir>Contents\MacOS</RemoteDir>
                        <Operation>1</Operation>
                        <Extensions>.framework</Extensions>
                    </Platform>
                </DeployClass>
                <DeployClass Name="iPhone_Launch640">
                    <Platform Name="iOSSimulator">
                        <Operation>1</Operation>
                    </Platform>
                    <Platform Name="iOSDevice64">
                        <Operation>1</Operation>
                    </Platform>
                    <Platform Name="iOSDevice32">
                        <Operation>1</Operation>
                    </Platform>
                </DeployClass>
                <DeployClass Name="iPad_Launch1024">
                    <Platform Name="iOSSimulator">
                        <Operation>1</Operation>
                    </Platform>
                    <Platform Name="iOSDevice64">
                        <Operation>1</Operation>
                    </Platform>
                    <Platform Name="iOSDevice32">
                        <Operation>1</Operation>
                    </Platform>
                </DeployClass>
                <DeployClass Name="ProjectiOSDeviceDebug">
                    <Platform Name="iOSDevice64">
                        <RemoteDir>..\$(PROJECTNAME).app.dSYM\Contents\Resources\DWARF</RemoteDir>
                        <Operation>1</Operation>
                    </Platform>
                    <Platform Name="iOSDevice32">
                        <RemoteDir>..\$(PROJECTNAME).app.dSYM\Contents\Resources\DWARF</RemoteDir>
                        <Operation>1</Operation>
                    </Platform>
                </DeployClass>
                <DeployClass Name="AndroidLibnativeX86File">
                    <Platform Name="Android">
                        <RemoteDir>library\lib\x86</RemoteDir>
                        <Operation>1</Operation>
                    </Platform>
                </DeployClass>
                <DeployClass Name="iPhone_Launch320">
                    <Platform Name="iOSSimulator">
                        <Operation>1</Operation>
                    </Platform>
                    <Platform Name="iOSDevice64">
                        <Operation>1</Operation>
                    </Platform>
                    <Platform Name="iOSDevice32">
                        <Operation>1</Operation>
                    </Platform>
                </DeployClass>
                <DeployClass Name="ProjectiOSInfoPList">
                    <Platform Name="iOSSimulator">
                        <Operation>1</Operation>
                    </Platform>
                    <Platform Name="iOSDevice64">
                        <Operation>1</Operation>
                    </Platform>
                    <Platform Name="iOSDevice32">
                        <Operation>1</Operation>
                    </Platform>
                </DeployClass>
                <DeployClass Name="AndroidLibnativeArmeabiFile">
                    <Platform Name="Android">
                        <RemoteDir>library\lib\armeabi</RemoteDir>
                        <Operation>1</Operation>
                    </Platform>
                </DeployClass>
                <DeployClass Name="DebugSymbols">
                    <Platform Name="Win32">
                        <Operation>0</Operation>
                    </Platform>
                    <Platform Name="iOSSimulator">
                        <Operation>1</Operation>
                    </Platform>
                    <Platform Name="OSX32">
                        <RemoteDir>Contents\MacOS</RemoteDir>
                        <Operation>1</Operation>
                    </Platform>
                </DeployClass>
                <DeployClass Name="iPad_Launch1536">
                    <Platform Name="iOSSimulator">
                        <Operation>1</Operation>
                    </Platform>
                    <Platform Name="iOSDevice64">
                        <Operation>1</Operation>
                    </Platform>
                    <Platform Name="iOSDevice32">
                        <Operation>1</Operation>
                    </Platform>
                </DeployClass>
                <DeployClass Name="Android_SplashImage470">
                    <Platform Name="Android">
                        <RemoteDir>res\drawable-normal</RemoteDir>
                        <Operation>1</Operation>
                    </Platform>
                </DeployClass>
                <DeployClass Name="Android_LauncherIcon96">
                    <Platform Name="Android">
                        <RemoteDir>res\drawable-xhdpi</RemoteDir>
                        <Operation>1</Operation>
                    </Platform>
                </DeployClass>
                <DeployClass Name="Android_SplashImage640">
                    <Platform Name="Android">
                        <RemoteDir>res\drawable-large</RemoteDir>
                        <Operation>1</Operation>
                    </Platform>
                </DeployClass>
                <DeployClass Name="iPhone_Launch640x1136">
                    <Platform Name="iOSSimulator">
                        <Operation>1</Operation>
                    </Platform>
                    <Platform Name="iOSDevice64">
                        <Operation>1</Operation>
                    </Platform>
                    <Platform Name="iOSDevice32">
                        <Operation>1</Operation>
                    </Platform>
                </DeployClass>
                <DeployClass Name="ProjectiOSEntitlements">
                    <Platform Name="iOSDevice64">
                        <RemoteDir>../</RemoteDir>
                        <Operation>1</Operation>
                    </Platform>
                    <Platform Name="iOSDevice32">
                        <RemoteDir>../</RemoteDir>
                        <Operation>1</Operation>
                    </Platform>
                </DeployClass>
                <DeployClass Name="Android_LauncherIcon72">
                    <Platform Name="Android">
                        <RemoteDir>res\drawable-hdpi</RemoteDir>
                        <Operation>1</Operation>
                    </Platform>
                </DeployClass>
                <DeployClass Name="AndroidGDBServer">
                    <Platform Name="Android">
                        <RemoteDir>library\lib\armeabi-v7a</RemoteDir>
                        <Operation>1</Operation>
                    </Platform>
                </DeployClass>
                <DeployClass Name="ProjectOSXInfoPList">
                    <Platform Name="OSX32">
                        <RemoteDir>Contents</RemoteDir>
                        <Operation>1</Operation>
                    </Platform>
                </DeployClass>
                <DeployClass Name="ProjectOSXEntitlements">
                    <Platform Name="OSX32">
                        <RemoteDir>../</RemoteDir>
                        <Operation>1</Operation>
                    </Platform>
                </DeployClass>
                <DeployClass Name="iPad_Launch2048">
                    <Platform Name="iOSSimulator">
                        <Operation>1</Operation>
                    </Platform>
                    <Platform Name="iOSDevice64">
                        <Operation>1</Operation>
                    </Platform>
                    <Platform Name="iOSDevice32">
                        <Operation>1</Operation>
                    </Platform>
                </DeployClass>
                <DeployClass Name="AndroidSplashStyles">
                    <Platform Name="Android">
                        <RemoteDir>res\values</RemoteDir>
                        <Operation>1</Operation>
                    </Platform>
                </DeployClass>
                <DeployClass Name="Android_SplashImage426">
                    <Platform Name="Android">
                        <RemoteDir>res\drawable-small</RemoteDir>
                        <Operation>1</Operation>
                    </Platform>
                </DeployClass>
                <DeployClass Name="AndroidSplashImageDef">
                    <Platform Name="Android">
                        <RemoteDir>res\drawable</RemoteDir>
                        <Operation>1</Operation>
                    </Platform>
                </DeployClass>
                <DeployClass Name="ProjectiOSResource">
                    <Platform Name="iOSSimulator">
                        <Operation>1</Operation>
                    </Platform>
                    <Platform Name="iOSDevice64">
                        <Operation>1</Operation>
                    </Platform>
                    <Platform Name="iOSDevice32">
                        <Operation>1</Operation>
                    </Platform>
                </DeployClass>
                <DeployClass Name="ProjectAndroidManifest">
                    <Platform Name="Android">
                        <Operation>1</Operation>
                    </Platform>
                </DeployClass>
                <DeployClass Name="Android_DefaultAppIcon">
                    <Platform Name="Android">
                        <RemoteDir>res\drawable</RemoteDir>
                        <Operation>1</Operation>
                    </Platform>
                </DeployClass>
                <DeployClass Name="File">
                    <Platform Name="Win32">
                        <Operation>0</Operation>
                    </Platform>
                    <Platform Name="iOSDevice64">
                        <Operation>0</Operation>
                    </Platform>
                    <Platform Name="OSX32">
                        <RemoteDir>Contents\Resources\StartUp\</RemoteDir>
                        <Operation>0</Operation>
                    </Platform>
                    <Platform Name="iOSDevice32">
                        <Operation>0</Operation>
                    </Platform>
                    <Platform Name="Android">
                        <Operation>0</Operation>
                    </Platform>
                    <Platform Name="iOSSimulator">
                        <Operation>0</Operation>
                    </Platform>
                </DeployClass>
                <DeployClass Name="AndroidServiceOutput">
                    <Platform Name="Android">
                        <RemoteDir>library\lib\armeabi-v7a</RemoteDir>
                        <Operation>1</Operation>
                    </Platform>
                </DeployClass>
                <DeployClass Required="true" Name="DependencyPackage">
                    <Platform Name="Win32">
                        <Operation>0</Operation>
                        <Extensions>.bpl</Extensions>
                    </Platform>
                    <Platform Name="iOSDevice64">
                        <Operation>1</Operation>
                        <Extensions>.dylib</Extensions>
                    </Platform>
                    <Platform Name="OSX32">
                        <RemoteDir>Contents\MacOS</RemoteDir>
                        <Operation>1</Operation>
                        <Extensions>.dylib</Extensions>
                    </Platform>
                    <Platform Name="iOSDevice32">
                        <Operation>1</Operation>
                        <Extensions>.dylib</Extensions>
                    </Platform>
                    <Platform Name="iOSSimulator">
                        <Operation>1</Operation>
                        <Extensions>.dylib</Extensions>
                    </Platform>
                </DeployClass>
                <DeployClass Name="Android_LauncherIcon48">
                    <Platform Name="Android">
                        <RemoteDir>res\drawable-mdpi</RemoteDir>
                        <Operation>1</Operation>
                    </Platform>
                </DeployClass>
                <DeployClass Name="Android_SplashImage960">
                    <Platform Name="Android">
                        <RemoteDir>res\drawable-xlarge</RemoteDir>
                        <Operation>1</Operation>
                    </Platform>
                </DeployClass>
                <DeployClass Name="Android_LauncherIcon36">
                    <Platform Name="Android">
                        <RemoteDir>res\drawable-ldpi</RemoteDir>
                        <Operation>1</Operation>
                    </Platform>
                </DeployClass>
                <DeployClass Name="ProjectiOSDeviceResourceRules">
                    <Platform Name="iOSDevice64">
                        <Operation>1</Operation>
                    </Platform>
                    <Platform Name="iOSDevice32">
                        <Operation>1</Operation>
                    </Platform>
                </DeployClass>
                <ProjectRoot Platform="iOSDevice64" Name="$(PROJECTNAME).app"/>
                <ProjectRoot Platform="Win64" Name="$(PROJECTNAME)"/>
                <ProjectRoot Platform="iOSDevice32" Name="$(PROJECTNAME).app"/>
                <ProjectRoot Platform="Win32" Name="$(PROJECTNAME)"/>
                <ProjectRoot Platform="OSX32" Name="$(PROJECTNAME).app"/>
                <ProjectRoot Platform="Android" Name="$(PROJECTNAME)"/>
                <ProjectRoot Platform="iOSSimulator" Name="$(PROJECTNAME).app"/>
            </Deployment>
            <Platforms>
                <Platform value="Win32">True</Platform>
                <Platform value="Win64">False</Platform>
            </Platforms>
        </BorlandProject>
        <ProjectFileVersion>12</ProjectFileVersion>
    </ProjectExtensions>
    <Import Project="$(BDS)\Bin\CodeGear.Delphi.Targets" Condition="Exists('$(BDS)\Bin\CodeGear.Delphi.Targets')"/>
    <Import Project="$(APPDATA)\Embarcadero\$(BDSAPPDATABASEDIR)\$(PRODUCTVERSION)\UserTools.proj" Condition="Exists('$(APPDATA)\Embarcadero\$(BDSAPPDATABASEDIR)\$(PRODUCTVERSION)\UserTools.proj')"/>
    <Import Project="$(MSBuildProjectName).deployproj" Condition="Exists('$(MSBuildProjectName).deployproj')"/>
</Project>
